{
  "name": "uploader",
  "version": "1.0.0",
  "lockfileVersion": 3,
  "requires": true,
  "packages": {
    "": {
      "name": "uploader",
      "version": "1.0.0",
      "license": "ISC",
      "dependencies": {
        "basic-ftp": "^6.0.1"
      }
    },
    "node_modules/basic-ftp": {
      "version": "6.0.1",
      "resolved": "https://registry.npmjs.org/basic-ftp/-/basic-ftp-6.0.1.tgz",
      "integrity": "sha512-3ilxa3n4276wGQp/ImRAuz4ALdsj/2Wd3FqoZBZlajDYnByCZ0JMb4+26Rde0wGXIbM0G2HWSfr/Fi8b21KX8g==",
      "license": "MIT",
      "engines": {
        "node": ">=10.0.0"
      }
    }
  }
}
